{
  "requires": true,
  "lockfileVersion": 1,
  "dependencies": {
    "perlin-noise-3d": {
      "version": "0.2.0",
      "resolved": "https://registry.npmjs.org/perlin-noise-3d/-/perlin-noise-3d-0.2.0.tgz",
      "integrity": "sha512-h05RMjk5Z/U2vNTNBytPE3wDzGGnYcfjjdzMVx394+43dtJUvz8TIvovd5c2jAAiwsNN6qywLXgOyquvG1ZG0Q=="
    },
    "simplex-noise": {
      "version": "3.0.0",
      "resolved": "https://registry.npmjs.org/simplex-noise/-/simplex-noise-3.0.0.tgz",
      "integrity": "sha512-sZP1EvUpRW/f3wjeSWUs94Xp4+S46oLGNiqkaROM92m3FvFm5ymJFMg67LcHpqikI8isXJlN/sE1Cfpe86xp0w=="
    }
  }
}
